// !$*UTF8*$!
{
	archiveVersion = 1;
	classes = {
	};
	objectVersion = 48;
	objects = {

/* Begin PBXBuildFile section */
		11211C5878957C87B164C7AA /* libPods-MapApp.a in Frameworks */ = {isa = PBXBuildFile; fileRef = BC18BB8A7EE4DD3B50EAD012 /* libPods-MapApp.a */; };
		FC01EB6923BB699200E6BD0E /* Option_Cell.xib in Resources */ = {isa = PBXBuildFile; fileRef = FC01EB6823BB699200E6BD0E /* Option_Cell.xib */; };
		FC157B46207F5CD100A79FD3 /* AP_Web_ViewController.m in Sources */ = {isa = PBXBuildFile; fileRef = FC157B44207F5CD100A79FD3 /* AP_Web_ViewController.m */; };
		FC157B47207F5CD100A79FD3 /* AP_Web_ViewController.xib in Resources */ = {isa = PBXBuildFile; fileRef = FC157B45207F5CD100A79FD3 /* AP_Web_ViewController.xib */; };
		FC16CC0520865E7A00F08568 /* AP_Inner_Web_ViewController.m in Sources */ = {isa = PBXBuildFile; fileRef = FC16CC0320865E7A00F08568 /* AP_Inner_Web_ViewController.m */; };
		FC16CC0620865E7A00F08568 /* AP_Inner_Web_ViewController.xib in Resources */ = {isa = PBXBuildFile; fileRef = FC16CC0420865E7A00F08568 /* AP_Inner_Web_ViewController.xib */; };
		FC16CC0A20865EEC00F08568 /* AP_Inner_Gallery_ViewController.m in Sources */ = {isa = PBXBuildFile; fileRef = FC16CC0820865EEC00F08568 /* AP_Inner_Gallery_ViewController.m */; };
		FC16CC0B20865EEC00F08568 /* AP_Inner_Gallery_ViewController.xib in Resources */ = {isa = PBXBuildFile; fileRef = FC16CC0920865EEC00F08568 /* AP_Inner_Gallery_ViewController.xib */; };
		FC16CC0F20865F5100F08568 /* AP_Inner_Video_ViewController.m in Sources */ = {isa = PBXBuildFile; fileRef = FC16CC0D20865F5100F08568 /* AP_Inner_Video_ViewController.m */; };
		FC16CC1020865F5100F08568 /* AP_Inner_Video_ViewController.xib in Resources */ = {isa = PBXBuildFile; fileRef = FC16CC0E20865F5100F08568 /* AP_Inner_Video_ViewController.xib */; };
		FC16CC12208667D700F08568 /* AP_Gallery.xib in Resources */ = {isa = PBXBuildFile; fileRef = FC16CC11208667D700F08568 /* AP_Gallery.xib */; };
		FC16CC152087067400F08568 /* Nav_ViewController.m in Sources */ = {isa = PBXBuildFile; fileRef = FC16CC142087067400F08568 /* Nav_ViewController.m */; };
		FC17161B2087B90700F7B419 /* AP_Intro_ViewController.m in Sources */ = {isa = PBXBuildFile; fileRef = FC1716192087B90700F7B419 /* AP_Intro_ViewController.m */; };
		FC17161C2087B90700F7B419 /* AP_Intro_ViewController.xib in Resources */ = {isa = PBXBuildFile; fileRef = FC17161A2087B90700F7B419 /* AP_Intro_ViewController.xib */; };
		FC22EED82084599C0027DF8A /* EM_MenuView.m in Sources */ = {isa = PBXBuildFile; fileRef = FC22EED52084599A0027DF8A /* EM_MenuView.m */; };
		FC22EED92084599C0027DF8A /* EM_Menu.xib in Resources */ = {isa = PBXBuildFile; fileRef = FC22EED72084599C0027DF8A /* EM_Menu.xib */; };
		FC22EEE020845ED50027DF8A /* E_Search_Cell.xib in Resources */ = {isa = PBXBuildFile; fileRef = FC22EEDB20845ED30027DF8A /* E_Search_Cell.xib */; };
		FC22EEE120845ED50027DF8A /* E_OverLay_View.xib in Resources */ = {isa = PBXBuildFile; fileRef = FC22EEDD20845ED40027DF8A /* E_OverLay_View.xib */; };
		FC22EEE220845ED50027DF8A /* E_Overlay_Menu.m in Sources */ = {isa = PBXBuildFile; fileRef = FC22EEDE20845ED50027DF8A /* E_Overlay_Menu.m */; };
		FC22EEE420845F070027DF8A /* E_Empty_Music.xib in Resources */ = {isa = PBXBuildFile; fileRef = FC22EEE320845F070027DF8A /* E_Empty_Music.xib */; };
		FC25A7BA227C3EC6006579E4 /* AP_List_ViewController.m in Sources */ = {isa = PBXBuildFile; fileRef = FC25A7B8227C3EC6006579E4 /* AP_List_ViewController.m */; };
		FC25A7BB227C3EC6006579E4 /* AP_List_ViewController.xib in Resources */ = {isa = PBXBuildFile; fileRef = FC25A7B9227C3EC6006579E4 /* AP_List_ViewController.xib */; };
		FC2FDC56227CB6D700055BFC /* news.txt in Resources */ = {isa = PBXBuildFile; fileRef = FC2FDC55227CB6D600055BFC /* news.txt */; };
		FC2FDC59227CBACC00055BFC /* List_Cell.xib in Resources */ = {isa = PBXBuildFile; fileRef = FC2FDC58227CBACC00055BFC /* List_Cell.xib */; };
		FC2FDC5B227CC08500055BFC /* videos.txt in Resources */ = {isa = PBXBuildFile; fileRef = FC2FDC5A227CC08500055BFC /* videos.txt */; };
		FC2FDC5D227CC0B800055BFC /* horoscope.txt in Resources */ = {isa = PBXBuildFile; fileRef = FC2FDC5C227CC0B800055BFC /* horoscope.txt */; };
		FC2FDC5F227D3D5500055BFC /* test.txt in Resources */ = {isa = PBXBuildFile; fileRef = FC2FDC5E227D3D5400055BFC /* test.txt */; };
		FC2FDC62227D3FF200055BFC /* XMLReader.m in Sources */ = {isa = PBXBuildFile; fileRef = FC2FDC61227D3FF100055BFC /* XMLReader.m */; };
		FC458C3624058B9500719F8C /* DG_Options_ViewController_New.m in Sources */ = {isa = PBXBuildFile; fileRef = FC458C3424058B9500719F8C /* DG_Options_ViewController_New.m */; };
		FC458C3724058B9500719F8C /* DG_Options_ViewController_New.xib in Resources */ = {isa = PBXBuildFile; fileRef = FC458C3524058B9500719F8C /* DG_Options_ViewController_New.xib */; };
		FC458C552405A2E500719F8C /* XCDYouTubeVideoPlayerViewController.m in Sources */ = {isa = PBXBuildFile; fileRef = FC458C392405A2E200719F8C /* XCDYouTubeVideoPlayerViewController.m */; };
		FC458C562405A2E500719F8C /* XCDYouTubePlayerScript.m in Sources */ = {isa = PBXBuildFile; fileRef = FC458C3A2405A2E200719F8C /* XCDYouTubePlayerScript.m */; };
		FC458C572405A2E500719F8C /* XCDURLHEADOperation.m in Sources */ = {isa = PBXBuildFile; fileRef = FC458C3B2405A2E200719F8C /* XCDURLHEADOperation.m */; };
		FC458C582405A2E500719F8C /* XCDYouTubeVideoOperation.m in Sources */ = {isa = PBXBuildFile; fileRef = FC458C3C2405A2E200719F8C /* XCDYouTubeVideoOperation.m */; };
		FC458C592405A2E500719F8C /* XCDYouTubeVideo.m in Sources */ = {isa = PBXBuildFile; fileRef = FC458C3F2405A2E300719F8C /* XCDYouTubeVideo.m */; };
		FC458C5A2405A2E500719F8C /* XCDYouTubeDashManifestXML.m in Sources */ = {isa = PBXBuildFile; fileRef = FC458C422405A2E300719F8C /* XCDYouTubeDashManifestXML.m */; };
		FC458C5B2405A2E500719F8C /* XCDYouTubeVideoQueryOperation.m in Sources */ = {isa = PBXBuildFile; fileRef = FC458C432405A2E300719F8C /* XCDYouTubeVideoQueryOperation.m */; };
		FC458C5C2405A2E500719F8C /* XCDYouTubeLogger.m in Sources */ = {isa = PBXBuildFile; fileRef = FC458C452405A2E300719F8C /* XCDYouTubeLogger.m */; };
		FC458C5D2405A2E500719F8C /* XCDYouTubeClient.m in Sources */ = {isa = PBXBuildFile; fileRef = FC458C482405A2E400719F8C /* XCDYouTubeClient.m */; };
		FC458C5E2405A2E500719F8C /* XMLHTTPRequest.m in Sources */ = {isa = PBXBuildFile; fileRef = FC458C492405A2E400719F8C /* XMLHTTPRequest.m */; };
		FC458C5F2405A2E500719F8C /* XCDURLGETOperation.m in Sources */ = {isa = PBXBuildFile; fileRef = FC458C512405A2E500719F8C /* XCDURLGETOperation.m */; };
		FC458C602405A2E500719F8C /* XCDYouTubeVideoWebpage.m in Sources */ = {isa = PBXBuildFile; fileRef = FC458C522405A2E500719F8C /* XCDYouTubeVideoWebpage.m */; };
		FC4F33F320B3CABB00EAF7E5 /* YouTube.m in Sources */ = {isa = PBXBuildFile; fileRef = FC4F33F220B3CABB00EAF7E5 /* YouTube.m */; };
		FC4F33F720B4290900EAF7E5 /* AP_Inner_Info_ViewController.m in Sources */ = {isa = PBXBuildFile; fileRef = FC4F33F520B4290800EAF7E5 /* AP_Inner_Info_ViewController.m */; };
		FC4F33F820B4290900EAF7E5 /* AP_Inner_Info_ViewController.xib in Resources */ = {isa = PBXBuildFile; fileRef = FC4F33F620B4290800EAF7E5 /* AP_Inner_Info_ViewController.xib */; };
		FC5E5E4B20883E83003FF40E /* text.txt in Resources */ = {isa = PBXBuildFile; fileRef = FC5E5E4A20883E83003FF40E /* text.txt */; };
		FC65531E20B527300064C5D6 /* AP_Web_List_ViewController.m in Sources */ = {isa = PBXBuildFile; fileRef = FC65531C20B527300064C5D6 /* AP_Web_List_ViewController.m */; };
		FC65531F20B527300064C5D6 /* AP_Web_List_ViewController.xib in Resources */ = {isa = PBXBuildFile; fileRef = FC65531D20B527300064C5D6 /* AP_Web_List_ViewController.xib */; };
		FC65D81D23BB5DF100B7CCE3 /* DG_Options_ViewController.m in Sources */ = {isa = PBXBuildFile; fileRef = FC65D81B23BB5DF100B7CCE3 /* DG_Options_ViewController.m */; };
		FC65D81E23BB5DF100B7CCE3 /* DG_Options_ViewController.xib in Resources */ = {isa = PBXBuildFile; fileRef = FC65D81C23BB5DF100B7CCE3 /* DG_Options_ViewController.xib */; };
		FC72218B207B51D30058429E /* AppDelegate.m in Sources */ = {isa = PBXBuildFile; fileRef = FC72218A207B51D30058429E /* AppDelegate.m */; };
		FC72218E207B51D30058429E /* ViewController.m in Sources */ = {isa = PBXBuildFile; fileRef = FC72218D207B51D30058429E /* ViewController.m */; };
		FC722191207B51D30058429E /* Main.storyboard in Resources */ = {isa = PBXBuildFile; fileRef = FC72218F207B51D30058429E /* Main.storyboard */; };
		FC722196207B51D30058429E /* LaunchScreen.storyboard in Resources */ = {isa = PBXBuildFile; fileRef = FC722194207B51D30058429E /* LaunchScreen.storyboard */; };
		FC722199207B51D30058429E /* main.m in Sources */ = {isa = PBXBuildFile; fileRef = FC722198207B51D30058429E /* main.m */; };
		FC7221A3207B56080058429E /* AP_Login_ViewController.m in Sources */ = {isa = PBXBuildFile; fileRef = FC7221A1207B56080058429E /* AP_Login_ViewController.m */; };
		FC7221A4207B56080058429E /* AP_Login_ViewController.xib in Resources */ = {isa = PBXBuildFile; fileRef = FC7221A2207B56080058429E /* AP_Login_ViewController.xib */; };
		FC7221A9207C64DC0058429E /* AP_Map_ViewController.m in Sources */ = {isa = PBXBuildFile; fileRef = FC7221A7207C64DC0058429E /* AP_Map_ViewController.m */; };
		FC7221AA207C64DC0058429E /* AP_Map_ViewController.xib in Resources */ = {isa = PBXBuildFile; fileRef = FC7221A8207C64DC0058429E /* AP_Map_ViewController.xib */; };
		FC7221AE207CA7940058429E /* AP_Register_ViewController.m in Sources */ = {isa = PBXBuildFile; fileRef = FC7221AC207CA7940058429E /* AP_Register_ViewController.m */; };
		FC7221AF207CA7940058429E /* AP_Register_ViewController.xib in Resources */ = {isa = PBXBuildFile; fileRef = FC7221AD207CA7940058429E /* AP_Register_ViewController.xib */; };
		FC7221B1207CA8E60058429E /* AP_TextField_Cell.xib in Resources */ = {isa = PBXBuildFile; fileRef = FC7221B0207CA8E60058429E /* AP_TextField_Cell.xib */; };
		FC8F7CE8227B55520041036E /* AP_New_Main_ViewController.m in Sources */ = {isa = PBXBuildFile; fileRef = FC8F7CE6227B55520041036E /* AP_New_Main_ViewController.m */; };
		FC8F7CE9227B55520041036E /* AP_New_Main_ViewController.xib in Resources */ = {isa = PBXBuildFile; fileRef = FC8F7CE7227B55520041036E /* AP_New_Main_ViewController.xib */; };
		FCA7FCB7225523520079CB6D /* WMSTileLayer.m in Sources */ = {isa = PBXBuildFile; fileRef = FCA7FCB5225523500079CB6D /* WMSTileLayer.m */; };
		FCAA3AAA2223C6B7007F0E43 /* AP_Gallery_ViewController.m in Sources */ = {isa = PBXBuildFile; fileRef = FCAA3AA82223C6B7007F0E43 /* AP_Gallery_ViewController.m */; };
		FCAA3AAB2223C6B7007F0E43 /* AP_Gallery_ViewController.xib in Resources */ = {isa = PBXBuildFile; fileRef = FCAA3AA92223C6B7007F0E43 /* AP_Gallery_ViewController.xib */; };
		FCB4B336227B5C0600E12AAE /* E_Main_Menu.xib in Resources */ = {isa = PBXBuildFile; fileRef = FCB4B335227B5C0600E12AAE /* E_Main_Menu.xib */; };
		FCC4BA8C23FE7C7300F336F4 /* E_Main_Button_View.xib in Resources */ = {isa = PBXBuildFile; fileRef = FCC4BA8B23FE7C7300F336F4 /* E_Main_Button_View.xib */; };
		FCC4BA8E23FE9C6F00F336F4 /* WebKit.framework in Frameworks */ = {isa = PBXBuildFile; fileRef = FCC4BA8D23FE9C6F00F336F4 /* WebKit.framework */; };
		FCD3959E225F1150008EF781 /* LBYouTubeExtractor.m in Sources */ = {isa = PBXBuildFile; fileRef = FCD3959C225F114E008EF781 /* LBYouTubeExtractor.m */; };
		FCD4C27320809D2D00EF0DBB /* format.plist in Resources */ = {isa = PBXBuildFile; fileRef = FCD4C27220809D2C00EF0DBB /* format.plist */; };
		FCD4C27520809D5D00EF0DBB /* Cells.xib in Resources */ = {isa = PBXBuildFile; fileRef = FCD4C27420809D5D00EF0DBB /* Cells.xib */; };
		FCDF7FBB2421E990009D3C0B /* Option_Cell_New.xib in Resources */ = {isa = PBXBuildFile; fileRef = FCDF7FBA2421E98F009D3C0B /* Option_Cell_New.xib */; };
		FCDF7FBD2421F8E6009D3C0B /* Inner_Cell_Web.xib in Resources */ = {isa = PBXBuildFile; fileRef = FCDF7FBC2421F8E6009D3C0B /* Inner_Cell_Web.xib */; };
		FCE4C8E3209317B100775A98 /* Assets.xcassets in Resources */ = {isa = PBXBuildFile; fileRef = FCE4C8E2209317B100775A98 /* Assets.xcassets */; };
		FCED49C92083C05500DEE007 /* Annotation.xib in Resources */ = {isa = PBXBuildFile; fileRef = FCED49C82083C05500DEE007 /* Annotation.xib */; };
		FCEFE3DD243316CE00005418 /* DashBoard_ViewController.m in Sources */ = {isa = PBXBuildFile; fileRef = FCEFE3DB243316CE00005418 /* DashBoard_ViewController.m */; };
		FCEFE3DE243316CE00005418 /* DashBoard_ViewController.xib in Resources */ = {isa = PBXBuildFile; fileRef = FCEFE3DC243316CE00005418 /* DashBoard_ViewController.xib */; };
		FCF253CA207EF52700BC12F5 /* ObjectInfo.m in Sources */ = {isa = PBXBuildFile; fileRef = FCF253C9207EF52700BC12F5 /* ObjectInfo.m */; };
/* End PBXBuildFile section */

/* Begin PBXFileReference section */
		41A81611EA880522EB38CC67 /* Pods-MapApp.debug.xcconfig */ = {isa = PBXFileReference; includeInIndex = 1; lastKnownFileType = text.xcconfig; name = "Pods-MapApp.debug.xcconfig"; path = "Pods/Target Support Files/Pods-MapApp/Pods-MapApp.debug.xcconfig"; sourceTree = "<group>"; };
		BC18BB8A7EE4DD3B50EAD012 /* libPods-MapApp.a */ = {isa = PBXFileReference; explicitFileType = archive.ar; includeInIndex = 0; path = "libPods-MapApp.a"; sourceTree = BUILT_PRODUCTS_DIR; };
		BD98DF9284A592D6910F2785 /* Pods-MapApp.release.xcconfig */ = {isa = PBXFileReference; includeInIndex = 1; lastKnownFileType = text.xcconfig; name = "Pods-MapApp.release.xcconfig"; path = "Pods/Target Support Files/Pods-MapApp/Pods-MapApp.release.xcconfig"; sourceTree = "<group>"; };
		FC01EB6823BB699200E6BD0E /* Option_Cell.xib */ = {isa = PBXFileReference; lastKnownFileType = file.xib; path = Option_Cell.xib; sourceTree = "<group>"; };
		FC157B43207F5CD100A79FD3 /* AP_Web_ViewController.h */ = {isa = PBXFileReference; lastKnownFileType = sourcecode.c.h; path = AP_Web_ViewController.h; sourceTree = "<group>"; };
		FC157B44207F5CD100A79FD3 /* AP_Web_ViewController.m */ = {isa = PBXFileReference; lastKnownFileType = sourcecode.c.objc; path = AP_Web_ViewController.m; sourceTree = "<group>"; };
		FC157B45207F5CD100A79FD3 /* AP_Web_ViewController.xib */ = {isa = PBXFileReference; lastKnownFileType = file.xib; path = AP_Web_ViewController.xib; sourceTree = "<group>"; };
		FC16CC0220865E7A00F08568 /* AP_Inner_Web_ViewController.h */ = {isa = PBXFileReference; lastKnownFileType = sourcecode.c.h; path = AP_Inner_Web_ViewController.h; sourceTree = "<group>"; };
		FC16CC0320865E7A00F08568 /* AP_Inner_Web_ViewController.m */ = {isa = PBXFileReference; lastKnownFileType = sourcecode.c.objc; path = AP_Inner_Web_ViewController.m; sourceTree = "<group>"; };
		FC16CC0420865E7A00F08568 /* AP_Inner_Web_ViewController.xib */ = {isa = PBXFileReference; lastKnownFileType = file.xib; path = AP_Inner_Web_ViewController.xib; sourceTree = "<group>"; };
		FC16CC0720865EEC00F08568 /* AP_Inner_Gallery_ViewController.h */ = {isa = PBXFileReference; lastKnownFileType = sourcecode.c.h; path = AP_Inner_Gallery_ViewController.h; sourceTree = "<group>"; };
		FC16CC0820865EEC00F08568 /* AP_Inner_Gallery_ViewController.m */ = {isa = PBXFileReference; lastKnownFileType = sourcecode.c.objc; path = AP_Inner_Gallery_ViewController.m; sourceTree = "<group>"; };
		FC16CC0920865EEC00F08568 /* AP_Inner_Gallery_ViewController.xib */ = {isa = PBXFileReference; lastKnownFileType = file.xib; path = AP_Inner_Gallery_ViewController.xib; sourceTree = "<group>"; };
		FC16CC0C20865F5100F08568 /* AP_Inner_Video_ViewController.h */ = {isa = PBXFileReference; lastKnownFileType = sourcecode.c.h; path = AP_Inner_Video_ViewController.h; sourceTree = "<group>"; };
		FC16CC0D20865F5100F08568 /* AP_Inner_Video_ViewController.m */ = {isa = PBXFileReference; lastKnownFileType = sourcecode.c.objc; path = AP_Inner_Video_ViewController.m; sourceTree = "<group>"; };
		FC16CC0E20865F5100F08568 /* AP_Inner_Video_ViewController.xib */ = {isa = PBXFileReference; lastKnownFileType = file.xib; path = AP_Inner_Video_ViewController.xib; sourceTree = "<group>"; };
		FC16CC11208667D700F08568 /* AP_Gallery.xib */ = {isa = PBXFileReference; fileEncoding = 4; lastKnownFileType = file.xib; path = AP_Gallery.xib; sourceTree = "<group>"; };
		FC16CC132087067400F08568 /* Nav_ViewController.h */ = {isa = PBXFileReference; lastKnownFileType = sourcecode.c.h; path = Nav_ViewController.h; sourceTree = "<group>"; };
		FC16CC142087067400F08568 /* Nav_ViewController.m */ = {isa = PBXFileReference; lastKnownFileType = sourcecode.c.objc; path = Nav_ViewController.m; sourceTree = "<group>"; };
		FC1716182087B90700F7B419 /* AP_Intro_ViewController.h */ = {isa = PBXFileReference; lastKnownFileType = sourcecode.c.h; path = AP_Intro_ViewController.h; sourceTree = "<group>"; };
		FC1716192087B90700F7B419 /* AP_Intro_ViewController.m */ = {isa = PBXFileReference; lastKnownFileType = sourcecode.c.objc; path = AP_Intro_ViewController.m; sourceTree = "<group>"; };
		FC17161A2087B90700F7B419 /* AP_Intro_ViewController.xib */ = {isa = PBXFileReference; lastKnownFileType = file.xib; path = AP_Intro_ViewController.xib; sourceTree = "<group>"; };
		FC22EED52084599A0027DF8A /* EM_MenuView.m */ = {isa = PBXFileReference; fileEncoding = 4; lastKnownFileType = sourcecode.c.objc; path = EM_MenuView.m; sourceTree = "<group>"; };
		FC22EED62084599B0027DF8A /* EM_MenuView.h */ = {isa = PBXFileReference; fileEncoding = 4; lastKnownFileType = sourcecode.c.h; path = EM_MenuView.h; sourceTree = "<group>"; };
		FC22EED72084599C0027DF8A /* EM_Menu.xib */ = {isa = PBXFileReference; fileEncoding = 4; lastKnownFileType = file.xib; path = EM_Menu.xib; sourceTree = "<group>"; };
		FC22EEDB20845ED30027DF8A /* E_Search_Cell.xib */ = {isa = PBXFileReference; fileEncoding = 4; lastKnownFileType = file.xib; path = E_Search_Cell.xib; sourceTree = "<group>"; };
		FC22EEDC20845ED30027DF8A /* E_Overlay_Menu.h */ = {isa = PBXFileReference; fileEncoding = 4; lastKnownFileType = sourcecode.c.h; path = E_Overlay_Menu.h; sourceTree = "<group>"; };
		FC22EEDD20845ED40027DF8A /* E_OverLay_View.xib */ = {isa = PBXFileReference; fileEncoding = 4; lastKnownFileType = file.xib; path = E_OverLay_View.xib; sourceTree = "<group>"; };
		FC22EEDE20845ED50027DF8A /* E_Overlay_Menu.m */ = {isa = PBXFileReference; fileEncoding = 4; lastKnownFileType = sourcecode.c.objc; path = E_Overlay_Menu.m; sourceTree = "<group>"; };
		FC22EEE320845F070027DF8A /* E_Empty_Music.xib */ = {isa = PBXFileReference; fileEncoding = 4; lastKnownFileType = file.xib; path = E_Empty_Music.xib; sourceTree = "<group>"; };
		FC25A7B7227C3EC6006579E4 /* AP_List_ViewController.h */ = {isa = PBXFileReference; lastKnownFileType = sourcecode.c.h; path = AP_List_ViewController.h; sourceTree = "<group>"; };
		FC25A7B8227C3EC6006579E4 /* AP_List_ViewController.m */ = {isa = PBXFileReference; lastKnownFileType = sourcecode.c.objc; path = AP_List_ViewController.m; sourceTree = "<group>"; };
		FC25A7B9227C3EC6006579E4 /* AP_List_ViewController.xib */ = {isa = PBXFileReference; lastKnownFileType = file.xib; path = AP_List_ViewController.xib; sourceTree = "<group>"; };
		FC2FDC55227CB6D600055BFC /* news.txt */ = {isa = PBXFileReference; fileEncoding = 4; lastKnownFileType = text; path = news.txt; sourceTree = "<group>"; };
		FC2FDC57227CB82800055BFC /* news.txt */ = {isa = PBXFileReference; lastKnownFileType = text; name = news.txt; path = MapApp/news.txt; sourceTree = "<group>"; };
		FC2FDC58227CBACC00055BFC /* List_Cell.xib */ = {isa = PBXFileReference; lastKnownFileType = file.xib; path = List_Cell.xib; sourceTree = "<group>"; };
		FC2FDC5A227CC08500055BFC /* videos.txt */ = {isa = PBXFileReference; fileEncoding = 4; lastKnownFileType = text; path = videos.txt; sourceTree = "<group>"; };
		FC2FDC5C227CC0B800055BFC /* horoscope.txt */ = {isa = PBXFileReference; fileEncoding = 4; lastKnownFileType = text; path = horoscope.txt; sourceTree = "<group>"; };
		FC2FDC5E227D3D5400055BFC /* test.txt */ = {isa = PBXFileReference; fileEncoding = 4; lastKnownFileType = text; path = test.txt; sourceTree = "<group>"; };
		FC2FDC60227D3FF000055BFC /* XMLReader.h */ = {isa = PBXFileReference; fileEncoding = 4; lastKnownFileType = sourcecode.c.h; path = XMLReader.h; sourceTree = "<group>"; };
		FC2FDC61227D3FF100055BFC /* XMLReader.m */ = {isa = PBXFileReference; fileEncoding = 4; lastKnownFileType = sourcecode.c.objc; path = XMLReader.m; sourceTree = "<group>"; };
		FC458C3324058B9500719F8C /* DG_Options_ViewController_New.h */ = {isa = PBXFileReference; fileEncoding = 4; lastKnownFileType = sourcecode.c.h; path = DG_Options_ViewController_New.h; sourceTree = "<group>"; };
		FC458C3424058B9500719F8C /* DG_Options_ViewController_New.m */ = {isa = PBXFileReference; fileEncoding = 4; lastKnownFileType = sourcecode.c.objc; path = DG_Options_ViewController_New.m; sourceTree = "<group>"; };
		FC458C3524058B9500719F8C /* DG_Options_ViewController_New.xib */ = {isa = PBXFileReference; fileEncoding = 4; lastKnownFileType = file.xib; path = DG_Options_ViewController_New.xib; sourceTree = "<group>"; };
		FC458C382405A2E200719F8C /* XCDYouTubeVideo+Private.h */ = {isa = PBXFileReference; fileEncoding = 4; lastKnownFileType = sourcecode.c.h; path = "XCDYouTubeVideo+Private.h"; sourceTree = "<group>"; };
		FC458C392405A2E200719F8C /* XCDYouTubeVideoPlayerViewController.m */ = {isa = PBXFileReference; fileEncoding = 4; lastKnownFileType = sourcecode.c.objc; path = XCDYouTubeVideoPlayerViewController.m; sourceTree = "<group>"; };
		FC458C3A2405A2E200719F8C /* XCDYouTubePlayerScript.m */ = {isa = PBXFileReference; fileEncoding = 4; lastKnownFileType = sourcecode.c.objc; path = XCDYouTubePlayerScript.m; sourceTree = "<group>"; };
		FC458C3B2405A2E200719F8C /* XCDURLHEADOperation.m */ = {isa = PBXFileReference; fileEncoding = 4; lastKnownFileType = sourcecode.c.objc; path = XCDURLHEADOperation.m; sourceTree = "<group>"; };
		FC458C3C2405A2E200719F8C /* XCDYouTubeVideoOperation.m */ = {isa = PBXFileReference; fileEncoding = 4; lastKnownFileType = sourcecode.c.objc; path = XCDYouTubeVideoOperation.m; sourceTree = "<group>"; };
		FC458C3D2405A2E200719F8C /* XCDYouTubeVideoQueryOperation.h */ = {isa = PBXFileReference; fileEncoding = 4; lastKnownFileType = sourcecode.c.h; path = XCDYouTubeVideoQueryOperation.h; sourceTree = "<group>"; };
		FC458C3E2405A2E300719F8C /* XCDURLGETOperation.h */ = {isa = PBXFileReference; fileEncoding = 4; lastKnownFileType = sourcecode.c.h; path = XCDURLGETOperation.h; sourceTree = "<group>"; };
		FC458C3F2405A2E300719F8C /* XCDYouTubeVideo.m */ = {isa = PBXFileReference; fileEncoding = 4; lastKnownFileType = sourcecode.c.objc; path = XCDYouTubeVideo.m; sourceTree = "<group>"; };
		FC458C402405A2E300719F8C /* XCDYouTubeClient.h */ = {isa = PBXFileReference; fileEncoding = 4; lastKnownFileType = sourcecode.c.h; path = XCDYouTubeClient.h; sourceTree = "<group>"; };
		FC458C412405A2E300719F8C /* XCDYouTubeKit.h */ = {isa = PBXFileReference; fileEncoding = 4; lastKnownFileType = sourcecode.c.h; path = XCDYouTubeKit.h; sourceTree = "<group>"; };
		FC458C422405A2E300719F8C /* XCDYouTubeDashManifestXML.m */ = {isa = PBXFileReference; fileEncoding = 4; lastKnownFileType = sourcecode.c.objc; path = XCDYouTubeDashManifestXML.m; sourceTree = "<group>"; };
		FC458C432405A2E300719F8C /* XCDYouTubeVideoQueryOperation.m */ = {isa = PBXFileReference; fileEncoding = 4; lastKnownFileType = sourcecode.c.objc; path = XCDYouTubeVideoQueryOperation.m; sourceTree = "<group>"; };
		FC458C442405A2E300719F8C /* XCDYouTubeError.h */ = {isa = PBXFileReference; fileEncoding = 4; lastKnownFileType = sourcecode.c.h; path = XCDYouTubeError.h; sourceTree = "<group>"; };
		FC458C452405A2E300719F8C /* XCDYouTubeLogger.m */ = {isa = PBXFileReference; fileEncoding = 4; lastKnownFileType = sourcecode.c.objc; path = XCDYouTubeLogger.m; sourceTree = "<group>"; };
		FC458C462405A2E300719F8C /* XCDYouTubeLogger+Private.h */ = {isa = PBXFileReference; fileEncoding = 4; lastKnownFileType = sourcecode.c.h; path = "XCDYouTubeLogger+Private.h"; sourceTree = "<group>"; };
		FC458C472405A2E400719F8C /* XCDYouTubePlayerScript.h */ = {isa = PBXFileReference; fileEncoding = 4; lastKnownFileType = sourcecode.c.h; path = XCDYouTubePlayerScript.h; sourceTree = "<group>"; };
		FC458C482405A2E400719F8C /* XCDYouTubeClient.m */ = {isa = PBXFileReference; fileEncoding = 4; lastKnownFileType = sourcecode.c.objc; path = XCDYouTubeClient.m; sourceTree = "<group>"; };
		FC458C492405A2E400719F8C /* XMLHTTPRequest.m */ = {isa = PBXFileReference; fileEncoding = 4; lastKnownFileType = sourcecode.c.objc; path = XMLHTTPRequest.m; sourceTree = "<group>"; };
		FC458C4A2405A2E400719F8C /* XCDYouTubeDashManifestXML.h */ = {isa = PBXFileReference; fileEncoding = 4; lastKnownFileType = sourcecode.c.h; path = XCDYouTubeDashManifestXML.h; sourceTree = "<group>"; };
		FC458C4B2405A2E400719F8C /* XCDYouTubeOperation.h */ = {isa = PBXFileReference; fileEncoding = 4; lastKnownFileType = sourcecode.c.h; path = XCDYouTubeOperation.h; sourceTree = "<group>"; };
		FC458C4C2405A2E400719F8C /* XMLHTTPRequest.h */ = {isa = PBXFileReference; fileEncoding = 4; lastKnownFileType = sourcecode.c.h; path = XMLHTTPRequest.h; sourceTree = "<group>"; };
		FC458C4D2405A2E400719F8C /* XCDYouTubeVideoPlayerViewController.h */ = {isa = PBXFileReference; fileEncoding = 4; lastKnownFileType = sourcecode.c.h; path = XCDYouTubeVideoPlayerViewController.h; sourceTree = "<group>"; };
		FC458C4E2405A2E400719F8C /* XCDYouTubeVideoWebpage.h */ = {isa = PBXFileReference; fileEncoding = 4; lastKnownFileType = sourcecode.c.h; path = XCDYouTubeVideoWebpage.h; sourceTree = "<group>"; };
		FC458C4F2405A2E400719F8C /* XCDURLHEADOperation.h */ = {isa = PBXFileReference; fileEncoding = 4; lastKnownFileType = sourcecode.c.h; path = XCDURLHEADOperation.h; sourceTree = "<group>"; };
		FC458C502405A2E500719F8C /* XCDYouTubeLogger.h */ = {isa = PBXFileReference; fileEncoding = 4; lastKnownFileType = sourcecode.c.h; path = XCDYouTubeLogger.h; sourceTree = "<group>"; };
		FC458C512405A2E500719F8C /* XCDURLGETOperation.m */ = {isa = PBXFileReference; fileEncoding = 4; lastKnownFileType = sourcecode.c.objc; path = XCDURLGETOperation.m; sourceTree = "<group>"; };
		FC458C522405A2E500719F8C /* XCDYouTubeVideoWebpage.m */ = {isa = PBXFileReference; fileEncoding = 4; lastKnownFileType = sourcecode.c.objc; path = XCDYouTubeVideoWebpage.m; sourceTree = "<group>"; };
		FC458C532405A2E500719F8C /* XCDYouTubeVideo.h */ = {isa = PBXFileReference; fileEncoding = 4; lastKnownFileType = sourcecode.c.h; path = XCDYouTubeVideo.h; sourceTree = "<group>"; };
		FC458C542405A2E500719F8C /* XCDYouTubeVideoOperation.h */ = {isa = PBXFileReference; fileEncoding = 4; lastKnownFileType = sourcecode.c.h; path = XCDYouTubeVideoOperation.h; sourceTree = "<group>"; };
		FC4F33F120B3CABA00EAF7E5 /* YouTube.h */ = {isa = PBXFileReference; fileEncoding = 4; lastKnownFileType = sourcecode.c.h; path = YouTube.h; sourceTree = "<group>"; };
		FC4F33F220B3CABB00EAF7E5 /* YouTube.m */ = {isa = PBXFileReference; fileEncoding = 4; lastKnownFileType = sourcecode.c.objc; path = YouTube.m; sourceTree = "<group>"; };
		FC4F33F420B4290800EAF7E5 /* AP_Inner_Info_ViewController.h */ = {isa = PBXFileReference; lastKnownFileType = sourcecode.c.h; path = AP_Inner_Info_ViewController.h; sourceTree = "<group>"; };
		FC4F33F520B4290800EAF7E5 /* AP_Inner_Info_ViewController.m */ = {isa = PBXFileReference; lastKnownFileType = sourcecode.c.objc; path = AP_Inner_Info_ViewController.m; sourceTree = "<group>"; };
		FC4F33F620B4290800EAF7E5 /* AP_Inner_Info_ViewController.xib */ = {isa = PBXFileReference; lastKnownFileType = file.xib; path = AP_Inner_Info_ViewController.xib; sourceTree = "<group>"; };
		FC5E5E4A20883E83003FF40E /* text.txt */ = {isa = PBXFileReference; fileEncoding = 4; lastKnownFileType = text; path = text.txt; sourceTree = "<group>"; };
		FC65531B20B527300064C5D6 /* AP_Web_List_ViewController.h */ = {isa = PBXFileReference; lastKnownFileType = sourcecode.c.h; path = AP_Web_List_ViewController.h; sourceTree = "<group>"; };
		FC65531C20B527300064C5D6 /* AP_Web_List_ViewController.m */ = {isa = PBXFileReference; lastKnownFileType = sourcecode.c.objc; path = AP_Web_List_ViewController.m; sourceTree = "<group>"; };
		FC65531D20B527300064C5D6 /* AP_Web_List_ViewController.xib */ = {isa = PBXFileReference; lastKnownFileType = file.xib; path = AP_Web_List_ViewController.xib; sourceTree = "<group>"; };
		FC65D81A23BB5DF100B7CCE3 /* DG_Options_ViewController.h */ = {isa = PBXFileReference; lastKnownFileType = sourcecode.c.h; path = DG_Options_ViewController.h; sourceTree = "<group>"; };
		FC65D81B23BB5DF100B7CCE3 /* DG_Options_ViewController.m */ = {isa = PBXFileReference; lastKnownFileType = sourcecode.c.objc; path = DG_Options_ViewController.m; sourceTree = "<group>"; };
		FC65D81C23BB5DF100B7CCE3 /* DG_Options_ViewController.xib */ = {isa = PBXFileReference; lastKnownFileType = file.xib; path = DG_Options_ViewController.xib; sourceTree = "<group>"; };
		FC722186207B51D30058429E /* Green Dragon.app */ = {isa = PBXFileReference; explicitFileType = wrapper.application; includeInIndex = 0; path = "Green Dragon.app"; sourceTree = BUILT_PRODUCTS_DIR; };
		FC722189207B51D30058429E /* AppDelegate.h */ = {isa = PBXFileReference; lastKnownFileType = sourcecode.c.h; path = AppDelegate.h; sourceTree = "<group>"; };
		FC72218A207B51D30058429E /* AppDelegate.m */ = {isa = PBXFileReference; lastKnownFileType = sourcecode.c.objc; path = AppDelegate.m; sourceTree = "<group>"; };
		FC72218C207B51D30058429E /* ViewController.h */ = {isa = PBXFileReference; lastKnownFileType = sourcecode.c.h; path = ViewController.h; sourceTree = "<group>"; };
		FC72218D207B51D30058429E /* ViewController.m */ = {isa = PBXFileReference; lastKnownFileType = sourcecode.c.objc; path = ViewController.m; sourceTree = "<group>"; };
		FC722190207B51D30058429E /* Base */ = {isa = PBXFileReference; lastKnownFileType = file.storyboard; name = Base; path = Base.lproj/Main.storyboard; sourceTree = "<group>"; };
		FC722195207B51D30058429E /* Base */ = {isa = PBXFileReference; lastKnownFileType = file.storyboard; name = Base; path = Base.lproj/LaunchScreen.storyboard; sourceTree = "<group>"; };
		FC722197207B51D30058429E /* Info.plist */ = {isa = PBXFileReference; lastKnownFileType = text.plist.xml; path = Info.plist; sourceTree = "<group>"; };
		FC722198207B51D30058429E /* main.m */ = {isa = PBXFileReference; lastKnownFileType = sourcecode.c.objc; path = main.m; sourceTree = "<group>"; };
		FC7221A0207B56080058429E /* AP_Login_ViewController.h */ = {isa = PBXFileReference; lastKnownFileType = sourcecode.c.h; path = AP_Login_ViewController.h; sourceTree = "<group>"; };
		FC7221A1207B56080058429E /* AP_Login_ViewController.m */ = {isa = PBXFileReference; lastKnownFileType = sourcecode.c.objc; path = AP_Login_ViewController.m; sourceTree = "<group>"; };
		FC7221A2207B56080058429E /* AP_Login_ViewController.xib */ = {isa = PBXFileReference; lastKnownFileType = file.xib; path = AP_Login_ViewController.xib; sourceTree = "<group>"; };
		FC7221A5207B566E0058429E /* PrefixHeader.pch */ = {isa = PBXFileReference; lastKnownFileType = sourcecode.c.h; path = PrefixHeader.pch; sourceTree = "<group>"; };
		FC7221A6207C64DC0058429E /* AP_Map_ViewController.h */ = {isa = PBXFileReference; lastKnownFileType = sourcecode.c.h; path = AP_Map_ViewController.h; sourceTree = "<group>"; };
		FC7221A7207C64DC0058429E /* AP_Map_ViewController.m */ = {isa = PBXFileReference; lastKnownFileType = sourcecode.c.objc; path = AP_Map_ViewController.m; sourceTree = "<group>"; };
		FC7221A8207C64DC0058429E /* AP_Map_ViewController.xib */ = {isa = PBXFileReference; lastKnownFileType = file.xib; path = AP_Map_ViewController.xib; sourceTree = "<group>"; };
		FC7221AB207CA7940058429E /* AP_Register_ViewController.h */ = {isa = PBXFileReference; lastKnownFileType = sourcecode.c.h; path = AP_Register_ViewController.h; sourceTree = "<group>"; };
		FC7221AC207CA7940058429E /* AP_Register_ViewController.m */ = {isa = PBXFileReference; lastKnownFileType = sourcecode.c.objc; path = AP_Register_ViewController.m; sourceTree = "<group>"; };
		FC7221AD207CA7940058429E /* AP_Register_ViewController.xib */ = {isa = PBXFileReference; lastKnownFileType = file.xib; path = AP_Register_ViewController.xib; sourceTree = "<group>"; };
		FC7221B0207CA8E60058429E /* AP_TextField_Cell.xib */ = {isa = PBXFileReference; lastKnownFileType = file.xib; path = AP_TextField_Cell.xib; sourceTree = "<group>"; };
		FC8F7CE5227B55520041036E /* AP_New_Main_ViewController.h */ = {isa = PBXFileReference; lastKnownFileType = sourcecode.c.h; path = AP_New_Main_ViewController.h; sourceTree = "<group>"; };
		FC8F7CE6227B55520041036E /* AP_New_Main_ViewController.m */ = {isa = PBXFileReference; lastKnownFileType = sourcecode.c.objc; path = AP_New_Main_ViewController.m; sourceTree = "<group>"; };
		FC8F7CE7227B55520041036E /* AP_New_Main_ViewController.xib */ = {isa = PBXFileReference; lastKnownFileType = file.xib; path = AP_New_Main_ViewController.xib; sourceTree = "<group>"; };
		FCA7FCB5225523500079CB6D /* WMSTileLayer.m */ = {isa = PBXFileReference; fileEncoding = 4; lastKnownFileType = sourcecode.c.objc; path = WMSTileLayer.m; sourceTree = "<group>"; };
		FCA7FCB6225523510079CB6D /* WMSTileLayer.h */ = {isa = PBXFileReference; fileEncoding = 4; lastKnownFileType = sourcecode.c.h; path = WMSTileLayer.h; sourceTree = "<group>"; };
		FCAA3AA72223C6B7007F0E43 /* AP_Gallery_ViewController.h */ = {isa = PBXFileReference; fileEncoding = 4; lastKnownFileType = sourcecode.c.h; path = AP_Gallery_ViewController.h; sourceTree = "<group>"; };
		FCAA3AA82223C6B7007F0E43 /* AP_Gallery_ViewController.m */ = {isa = PBXFileReference; fileEncoding = 4; lastKnownFileType = sourcecode.c.objc; path = AP_Gallery_ViewController.m; sourceTree = "<group>"; };
		FCAA3AA92223C6B7007F0E43 /* AP_Gallery_ViewController.xib */ = {isa = PBXFileReference; fileEncoding = 4; lastKnownFileType = file.xib; path = AP_Gallery_ViewController.xib; sourceTree = "<group>"; };
		FCB4B335227B5C0600E12AAE /* E_Main_Menu.xib */ = {isa = PBXFileReference; lastKnownFileType = file.xib; path = E_Main_Menu.xib; sourceTree = "<group>"; };
		FCC4BA8B23FE7C7300F336F4 /* E_Main_Button_View.xib */ = {isa = PBXFileReference; lastKnownFileType = file.xib; path = E_Main_Button_View.xib; sourceTree = "<group>"; };
		FCC4BA8D23FE9C6F00F336F4 /* WebKit.framework */ = {isa = PBXFileReference; lastKnownFileType = wrapper.framework; name = WebKit.framework; path = System/Library/Frameworks/WebKit.framework; sourceTree = SDKROOT; };
		FCD3959C225F114E008EF781 /* LBYouTubeExtractor.m */ = {isa = PBXFileReference; fileEncoding = 4; lastKnownFileType = sourcecode.c.objc; path = LBYouTubeExtractor.m; sourceTree = "<group>"; };
		FCD3959D225F1150008EF781 /* LBYouTubeExtractor.h */ = {isa = PBXFileReference; fileEncoding = 4; lastKnownFileType = sourcecode.c.h; path = LBYouTubeExtractor.h; sourceTree = "<group>"; };
		FCD4C27220809D2C00EF0DBB /* format.plist */ = {isa = PBXFileReference; fileEncoding = 4; lastKnownFileType = text.plist.xml; path = format.plist; sourceTree = "<group>"; };
		FCD4C27420809D5D00EF0DBB /* Cells.xib */ = {isa = PBXFileReference; fileEncoding = 4; lastKnownFileType = file.xib; path = Cells.xib; sourceTree = "<group>"; };
		FCDF7FBA2421E98F009D3C0B /* Option_Cell_New.xib */ = {isa = PBXFileReference; fileEncoding = 4; lastKnownFileType = file.xib; path = Option_Cell_New.xib; sourceTree = "<group>"; };
		FCDF7FBC2421F8E6009D3C0B /* Inner_Cell_Web.xib */ = {isa = PBXFileReference; lastKnownFileType = file.xib; path = Inner_Cell_Web.xib; sourceTree = "<group>"; };
		FCE4C8E2209317B100775A98 /* Assets.xcassets */ = {isa = PBXFileReference; lastKnownFileType = folder.assetcatalog; path = Assets.xcassets; sourceTree = "<group>"; };
		FCED49C82083C05500DEE007 /* Annotation.xib */ = {isa = PBXFileReference; lastKnownFileType = file.xib; path = Annotation.xib; sourceTree = "<group>"; };
		FCEFE3DA243316CE00005418 /* DashBoard_ViewController.h */ = {isa = PBXFileReference; lastKnownFileType = sourcecode.c.h; path = DashBoard_ViewController.h; sourceTree = "<group>"; };
		FCEFE3DB243316CE00005418 /* DashBoard_ViewController.m */ = {isa = PBXFileReference; lastKnownFileType = sourcecode.c.objc; path = DashBoard_ViewController.m; sourceTree = "<group>"; };
		FCEFE3DC243316CE00005418 /* DashBoard_ViewController.xib */ = {isa = PBXFileReference; lastKnownFileType = file.xib; path = DashBoard_ViewController.xib; sourceTree = "<group>"; };
		FCF253C8207EF52700BC12F5 /* ObjectInfo.h */ = {isa = PBXFileReference; lastKnownFileType = sourcecode.c.h; path = ObjectInfo.h; sourceTree = "<group>"; };
		FCF253C9207EF52700BC12F5 /* ObjectInfo.m */ = {isa = PBXFileReference; lastKnownFileType = sourcecode.c.objc; path = ObjectInfo.m; sourceTree = "<group>"; };
/* End PBXFileReference section */

/* Begin PBXFrameworksBuildPhase section */
		FC722183207B51D30058429E /* Frameworks */ = {
			isa = PBXFrameworksBuildPhase;
			buildActionMask = 2147483647;
			files = (
				FCC4BA8E23FE9C6F00F336F4 /* WebKit.framework in Frameworks */,
				11211C5878957C87B164C7AA /* libPods-MapApp.a in Frameworks */,
			);
			runOnlyForDeploymentPostprocessing = 0;
		};
/* End PBXFrameworksBuildPhase section */

/* Begin PBXGroup section */
		2A991E117F645FCFBA45661A /* Pods */ = {
			isa = PBXGroup;
			children = (
				41A81611EA880522EB38CC67 /* Pods-MapApp.debug.xcconfig */,
				BD98DF9284A592D6910F2785 /* Pods-MapApp.release.xcconfig */,
			);
			name = Pods;
			sourceTree = "<group>";
		};
		6C73C4525EB44B21EE3FAE37 /* Frameworks */ = {
			isa = PBXGroup;
			children = (
				FCC4BA8D23FE9C6F00F336F4 /* WebKit.framework */,
				BC18BB8A7EE4DD3B50EAD012 /* libPods-MapApp.a */,
			);
			name = Frameworks;
			sourceTree = "<group>";
		};
		FC16CC0120865E5500F08568 /* Inner */ = {
			isa = PBXGroup;
			children = (
				FC16CC0220865E7A00F08568 /* AP_Inner_Web_ViewController.h */,
				FC16CC0320865E7A00F08568 /* AP_Inner_Web_ViewController.m */,
				FC16CC0420865E7A00F08568 /* AP_Inner_Web_ViewController.xib */,
				FCDF7FBC2421F8E6009D3C0B /* Inner_Cell_Web.xib */,
				FC16CC0720865EEC00F08568 /* AP_Inner_Gallery_ViewController.h */,
				FC16CC0820865EEC00F08568 /* AP_Inner_Gallery_ViewController.m */,
				FC16CC0920865EEC00F08568 /* AP_Inner_Gallery_ViewController.xib */,
				FC16CC0C20865F5100F08568 /* AP_Inner_Video_ViewController.h */,
				FC16CC0D20865F5100F08568 /* AP_Inner_Video_ViewController.m */,
				FC16CC0E20865F5100F08568 /* AP_Inner_Video_ViewController.xib */,
				FC16CC11208667D700F08568 /* AP_Gallery.xib */,
				FC4F33F420B4290800EAF7E5 /* AP_Inner_Info_ViewController.h */,
				FC4F33F520B4290800EAF7E5 /* AP_Inner_Info_ViewController.m */,
				FC4F33F620B4290800EAF7E5 /* AP_Inner_Info_ViewController.xib */,
				FCAA3AA72223C6B7007F0E43 /* AP_Gallery_ViewController.h */,
				FCAA3AA82223C6B7007F0E43 /* AP_Gallery_ViewController.m */,
				FCAA3AA92223C6B7007F0E43 /* AP_Gallery_ViewController.xib */,
			);
			path = Inner;
			sourceTree = "<group>";
		};
		FC72217D207B51D30058429E = {
			isa = PBXGroup;
			children = (
				FC2FDC57227CB82800055BFC /* news.txt */,
				FC722188207B51D30058429E /* MapApp */,
				FC722187207B51D30058429E /* Products */,
				2A991E117F645FCFBA45661A /* Pods */,
				6C73C4525EB44B21EE3FAE37 /* Frameworks */,
			);
			sourceTree = "<group>";
		};
		FC722187207B51D30058429E /* Products */ = {
			isa = PBXGroup;
			children = (
				FC722186207B51D30058429E /* Green Dragon.app */,
			);
			name = Products;
			sourceTree = "<group>";
		};
		FC722188207B51D30058429E /* MapApp */ = {
			isa = PBXGroup;
			children = (
				FCD395A9225F3C83008EF781 /* YT */,
				FC7221B0207CA8E60058429E /* AP_TextField_Cell.xib */,
				FCD4C27220809D2C00EF0DBB /* format.plist */,
				FC4F33F120B3CABA00EAF7E5 /* YouTube.h */,
				FC4F33F220B3CABB00EAF7E5 /* YouTube.m */,
				FCF253C8207EF52700BC12F5 /* ObjectInfo.h */,
				FCF253C9207EF52700BC12F5 /* ObjectInfo.m */,
				FCD4C27420809D5D00EF0DBB /* Cells.xib */,
				FCED49C82083C05500DEE007 /* Annotation.xib */,
				FC22EED62084599B0027DF8A /* EM_MenuView.h */,
				FC22EED52084599A0027DF8A /* EM_MenuView.m */,
				FC22EED72084599C0027DF8A /* EM_Menu.xib */,
				FC2FDC58227CBACC00055BFC /* List_Cell.xib */,
				FC22EEDC20845ED30027DF8A /* E_Overlay_Menu.h */,
				FC22EEDE20845ED50027DF8A /* E_Overlay_Menu.m */,
				FC22EEDD20845ED40027DF8A /* E_OverLay_View.xib */,
				FC22EEDB20845ED30027DF8A /* E_Search_Cell.xib */,
				FC22EEE320845F070027DF8A /* E_Empty_Music.xib */,
				FC2FDC5E227D3D5400055BFC /* test.txt */,
				FC5E5E4A20883E83003FF40E /* text.txt */,
				FC2FDC55227CB6D600055BFC /* news.txt */,
				FC2FDC5A227CC08500055BFC /* videos.txt */,
				FC2FDC5C227CC0B800055BFC /* horoscope.txt */,
				FCA7FCB6225523510079CB6D /* WMSTileLayer.h */,
				FCA7FCB5225523500079CB6D /* WMSTileLayer.m */,
				FCD3959D225F1150008EF781 /* LBYouTubeExtractor.h */,
				FCD3959C225F114E008EF781 /* LBYouTubeExtractor.m */,
				FC2FDC60227D3FF000055BFC /* XMLReader.h */,
				FC2FDC61227D3FF100055BFC /* XMLReader.m */,
				FC72219F207B55E70058429E /* Controllers */,
				FC16CC132087067400F08568 /* Nav_ViewController.h */,
				FC16CC142087067400F08568 /* Nav_ViewController.m */,
				FC722189207B51D30058429E /* AppDelegate.h */,
				FC72218A207B51D30058429E /* AppDelegate.m */,
				FC72218C207B51D30058429E /* ViewController.h */,
				FC72218D207B51D30058429E /* ViewController.m */,
				FC72218F207B51D30058429E /* Main.storyboard */,
				FCE4C8E2209317B100775A98 /* Assets.xcassets */,
				FC722194207B51D30058429E /* LaunchScreen.storyboard */,
				FC722197207B51D30058429E /* Info.plist */,
				FC722198207B51D30058429E /* main.m */,
				FC7221A5207B566E0058429E /* PrefixHeader.pch */,
			);
			path = MapApp;
			sourceTree = "<group>";
		};
		FC72219F207B55E70058429E /* Controllers */ = {
			isa = PBXGroup;
			children = (
				FC16CC0120865E5500F08568 /* Inner */,
				FC7221A0207B56080058429E /* AP_Login_ViewController.h */,
				FC7221A1207B56080058429E /* AP_Login_ViewController.m */,
				FC7221A2207B56080058429E /* AP_Login_ViewController.xib */,
				FC7221A6207C64DC0058429E /* AP_Map_ViewController.h */,
				FC7221A7207C64DC0058429E /* AP_Map_ViewController.m */,
				FC7221A8207C64DC0058429E /* AP_Map_ViewController.xib */,
				FC7221AB207CA7940058429E /* AP_Register_ViewController.h */,
				FC7221AC207CA7940058429E /* AP_Register_ViewController.m */,
				FC7221AD207CA7940058429E /* AP_Register_ViewController.xib */,
				FC157B43207F5CD100A79FD3 /* AP_Web_ViewController.h */,
				FC157B44207F5CD100A79FD3 /* AP_Web_ViewController.m */,
				FC157B45207F5CD100A79FD3 /* AP_Web_ViewController.xib */,
				FC1716182087B90700F7B419 /* AP_Intro_ViewController.h */,
				FC1716192087B90700F7B419 /* AP_Intro_ViewController.m */,
				FC17161A2087B90700F7B419 /* AP_Intro_ViewController.xib */,
				FC65531B20B527300064C5D6 /* AP_Web_List_ViewController.h */,
				FC65531C20B527300064C5D6 /* AP_Web_List_ViewController.m */,
				FC65531D20B527300064C5D6 /* AP_Web_List_ViewController.xib */,
				FC8F7CE5227B55520041036E /* AP_New_Main_ViewController.h */,
				FC8F7CE6227B55520041036E /* AP_New_Main_ViewController.m */,
				FC8F7CE7227B55520041036E /* AP_New_Main_ViewController.xib */,
				FCB4B335227B5C0600E12AAE /* E_Main_Menu.xib */,
				FCC4BA8B23FE7C7300F336F4 /* E_Main_Button_View.xib */,
				FC25A7B7227C3EC6006579E4 /* AP_List_ViewController.h */,
				FC25A7B8227C3EC6006579E4 /* AP_List_ViewController.m */,
				FC25A7B9227C3EC6006579E4 /* AP_List_ViewController.xib */,
				FC65D81A23BB5DF100B7CCE3 /* DG_Options_ViewController.h */,
				FC65D81B23BB5DF100B7CCE3 /* DG_Options_ViewController.m */,
				FC65D81C23BB5DF100B7CCE3 /* DG_Options_ViewController.xib */,
				FC458C3324058B9500719F8C /* DG_Options_ViewController_New.h */,
				FC458C3424058B9500719F8C /* DG_Options_ViewController_New.m */,
				FC458C3524058B9500719F8C /* DG_Options_ViewController_New.xib */,
				FC01EB6823BB699200E6BD0E /* Option_Cell.xib */,
				FCDF7FBA2421E98F009D3C0B /* Option_Cell_New.xib */,
				FCEFE3DA243316CE00005418 /* DashBoard_ViewController.h */,
				FCEFE3DB243316CE00005418 /* DashBoard_ViewController.m */,
				FCEFE3DC243316CE00005418 /* DashBoard_ViewController.xib */,
			);
			path = Controllers;
			sourceTree = "<group>";
		};
		FCD395A9225F3C83008EF781 /* YT */ = {
			isa = PBXGroup;
			children = (
				FC458C3E2405A2E300719F8C /* XCDURLGETOperation.h */,
				FC458C512405A2E500719F8C /* XCDURLGETOperation.m */,
				FC458C4F2405A2E400719F8C /* XCDURLHEADOperation.h */,
				FC458C3B2405A2E200719F8C /* XCDURLHEADOperation.m */,
				FC458C402405A2E300719F8C /* XCDYouTubeClient.h */,
				FC458C482405A2E400719F8C /* XCDYouTubeClient.m */,
				FC458C4A2405A2E400719F8C /* XCDYouTubeDashManifestXML.h */,
				FC458C422405A2E300719F8C /* XCDYouTubeDashManifestXML.m */,
				FC458C442405A2E300719F8C /* XCDYouTubeError.h */,
				FC458C412405A2E300719F8C /* XCDYouTubeKit.h */,
				FC458C502405A2E500719F8C /* XCDYouTubeLogger.h */,
				FC458C452405A2E300719F8C /* XCDYouTubeLogger.m */,
				FC458C462405A2E300719F8C /* XCDYouTubeLogger+Private.h */,
				FC458C4B2405A2E400719F8C /* XCDYouTubeOperation.h */,
				FC458C472405A2E400719F8C /* XCDYouTubePlayerScript.h */,
				FC458C3A2405A2E200719F8C /* XCDYouTubePlayerScript.m */,
				FC458C532405A2E500719F8C /* XCDYouTubeVideo.h */,
				FC458C3F2405A2E300719F8C /* XCDYouTubeVideo.m */,
				FC458C382405A2E200719F8C /* XCDYouTubeVideo+Private.h */,
				FC458C542405A2E500719F8C /* XCDYouTubeVideoOperation.h */,
				FC458C3C2405A2E200719F8C /* XCDYouTubeVideoOperation.m */,
				FC458C4D2405A2E400719F8C /* XCDYouTubeVideoPlayerViewController.h */,
				FC458C392405A2E200719F8C /* XCDYouTubeVideoPlayerViewController.m */,
				FC458C3D2405A2E200719F8C /* XCDYouTubeVideoQueryOperation.h */,
				FC458C432405A2E300719F8C /* XCDYouTubeVideoQueryOperation.m */,
				FC458C4E2405A2E400719F8C /* XCDYouTubeVideoWebpage.h */,
				FC458C522405A2E500719F8C /* XCDYouTubeVideoWebpage.m */,
				FC458C4C2405A2E400719F8C /* XMLHTTPRequest.h */,
				FC458C492405A2E400719F8C /* XMLHTTPRequest.m */,
			);
			path = YT;
			sourceTree = "<group>";
		};
/* End PBXGroup section */

/* Begin PBXNativeTarget section */
		FC722185207B51D30058429E /* MapApp */ = {
			isa = PBXNativeTarget;
			buildConfigurationList = FC72219C207B51D30058429E /* Build configuration list for PBXNativeTarget "MapApp" */;
			buildPhases = (
				CEF7CD7865554AA3923E12EA /* [CP] Check Pods Manifest.lock */,
				FC722182207B51D30058429E /* Sources */,
				FC722183207B51D30058429E /* Frameworks */,
				FC722184207B51D30058429E /* Resources */,
				7642D4FCDE8A4AC113303399 /* [CP] Copy Pods Resources */,
			);
			buildRules = (
			);
			dependencies = (
			);
			name = MapApp;
			productName = MapApp;
			productReference = FC722186207B51D30058429E /* Green Dragon.app */;
			productType = "com.apple.product-type.application";
		};
/* End PBXNativeTarget section */

/* Begin PBXProject section */
		FC72217E207B51D30058429E /* Project object */ = {
			isa = PBXProject;
			attributes = {
				LastUpgradeCheck = 0920;
				ORGANIZATIONNAME = "Thanh Hai Tran";
				TargetAttributes = {
					FC722185207B51D30058429E = {
						CreatedOnToolsVersion = 9.2;
						LastSwiftMigration = 1010;
						ProvisioningStyle = Manual;
					};
				};
			};
			buildConfigurationList = FC722181207B51D30058429E /* Build configuration list for PBXProject "MapApp" */;
			compatibilityVersion = "Xcode 8.0";
			developmentRegion = en;
			hasScannedForEncodings = 0;
			knownRegions = (
				en,
				Base,
			);
			mainGroup = FC72217D207B51D30058429E;
			productRefGroup = FC722187207B51D30058429E /* Products */;
			projectDirPath = "";
			projectRoot = "";
			targets = (
				FC722185207B51D30058429E /* MapApp */,
			);
		};
/* End PBXProject section */

/* Begin PBXResourcesBuildPhase section */
		FC722184207B51D30058429E /* Resources */ = {
			isa = PBXResourcesBuildPhase;
			buildActionMask = 2147483647;
			files = (
				FC2FDC56227CB6D700055BFC /* news.txt in Resources */,
				FC7221AF207CA7940058429E /* AP_Register_ViewController.xib in Resources */,
				FC7221AA207C64DC0058429E /* AP_Map_ViewController.xib in Resources */,
				FC4F33F820B4290900EAF7E5 /* AP_Inner_Info_ViewController.xib in Resources */,
				FCE4C8E3209317B100775A98 /* Assets.xcassets in Resources */,
				FC16CC1020865F5100F08568 /* AP_Inner_Video_ViewController.xib in Resources */,
				FCAA3AAB2223C6B7007F0E43 /* AP_Gallery_ViewController.xib in Resources */,
				FC2FDC59227CBACC00055BFC /* List_Cell.xib in Resources */,
				FC17161C2087B90700F7B419 /* AP_Intro_ViewController.xib in Resources */,
				FC722196207B51D30058429E /* LaunchScreen.storyboard in Resources */,
				FCD4C27520809D5D00EF0DBB /* Cells.xib in Resources */,
				FCC4BA8C23FE7C7300F336F4 /* E_Main_Button_View.xib in Resources */,
				FCEFE3DE243316CE00005418 /* DashBoard_ViewController.xib in Resources */,
				FC16CC0B20865EEC00F08568 /* AP_Inner_Gallery_ViewController.xib in Resources */,
				FC16CC0620865E7A00F08568 /* AP_Inner_Web_ViewController.xib in Resources */,
				FC2FDC5D227CC0B800055BFC /* horoscope.txt in Resources */,
				FC7221B1207CA8E60058429E /* AP_TextField_Cell.xib in Resources */,
				FC22EEE420845F070027DF8A /* E_Empty_Music.xib in Resources */,
				FCDF7FBD2421F8E6009D3C0B /* Inner_Cell_Web.xib in Resources */,
				FC2FDC5F227D3D5500055BFC /* test.txt in Resources */,
				FC458C3724058B9500719F8C /* DG_Options_ViewController_New.xib in Resources */,
				FC22EEE120845ED50027DF8A /* E_OverLay_View.xib in Resources */,
				FC722191207B51D30058429E /* Main.storyboard in Resources */,
				FC65531F20B527300064C5D6 /* AP_Web_List_ViewController.xib in Resources */,
				FC2FDC5B227CC08500055BFC /* videos.txt in Resources */,
				FC25A7BB227C3EC6006579E4 /* AP_List_ViewController.xib in Resources */,
				FC22EEE020845ED50027DF8A /* E_Search_Cell.xib in Resources */,
				FCED49C92083C05500DEE007 /* Annotation.xib in Resources */,
				FC157B47207F5CD100A79FD3 /* AP_Web_ViewController.xib in Resources */,
				FCDF7FBB2421E990009D3C0B /* Option_Cell_New.xib in Resources */,
				FC5E5E4B20883E83003FF40E /* text.txt in Resources */,
				FCB4B336227B5C0600E12AAE /* E_Main_Menu.xib in Resources */,
				FC7221A4207B56080058429E /* AP_Login_ViewController.xib in Resources */,
				FC22EED92084599C0027DF8A /* EM_Menu.xib in Resources */,
				FC8F7CE9227B55520041036E /* AP_New_Main_ViewController.xib in Resources */,
				FC65D81E23BB5DF100B7CCE3 /* DG_Options_ViewController.xib in Resources */,
				FCD4C27320809D2D00EF0DBB /* format.plist in Resources */,
				FC01EB6923BB699200E6BD0E /* Option_Cell.xib in Resources */,
				FC16CC12208667D700F08568 /* AP_Gallery.xib in Resources */,
			);
			runOnlyForDeploymentPostprocessing = 0;
		};
/* End PBXResourcesBuildPhase section */

/* Begin PBXShellScriptBuildPhase section */
		7642D4FCDE8A4AC113303399 /* [CP] Copy Pods Resources */ = {
			isa = PBXShellScriptBuildPhase;
			buildActionMask = 2147483647;
			files = (
			);
			inputPaths = (
				"${PODS_ROOT}/Target Support Files/Pods-MapApp/Pods-MapApp-resources.sh",
				"${PODS_ROOT}/GoogleMaps/Maps/Frameworks/GoogleMaps.framework/Resources/GoogleMaps.bundle",
				"${PODS_ROOT}/SVProgressHUD/SVProgressHUD/SVProgressHUD.bundle",
			);
			name = "[CP] Copy Pods Resources";
			outputPaths = (
				"${TARGET_BUILD_DIR}/${UNLOCALIZED_RESOURCES_FOLDER_PATH}/GoogleMaps.bundle",
				"${TARGET_BUILD_DIR}/${UNLOCALIZED_RESOURCES_FOLDER_PATH}/SVProgressHUD.bundle",
			);
			runOnlyForDeploymentPostprocessing = 0;
			shellPath = /bin/sh;
			shellScript = "\"${PODS_ROOT}/Target Support Files/Pods-MapApp/Pods-MapApp-resources.sh\"\n";
			showEnvVarsInLog = 0;
		};
		CEF7CD7865554AA3923E12EA /* [CP] Check Pods Manifest.lock */ = {
			isa = PBXShellScriptBuildPhase;
			buildActionMask = 2147483647;
			files = (
			);
			inputPaths = (
				"${PODS_PODFILE_DIR_PATH}/Podfile.lock",
				"${PODS_ROOT}/Manifest.lock",
			);
			name = "[CP] Check Pods Manifest.lock";
			outputPaths = (
				"$(DERIVED_FILE_DIR)/Pods-MapApp-checkManifestLockResult.txt",
			);
			runOnlyForDeploymentPostprocessing = 0;
			shellPath = /bin/sh;
			shellScript = "diff \"${PODS_PODFILE_DIR_PATH}/Podfile.lock\" \"${PODS_ROOT}/Manifest.lock\" > /dev/null\nif [ $? != 0 ] ; then\n    # print error to STDERR\n    echo \"error: The sandbox is not in sync with the Podfile.lock. Run 'pod install' or update your CocoaPods installation.\" >&2\n    exit 1\nfi\n# This output is used by Xcode 'outputs' to avoid re-running this script phase.\necho \"SUCCESS\" > \"${SCRIPT_OUTPUT_FILE_0}\"\n";
			showEnvVarsInLog = 0;
		};
/* End PBXShellScriptBuildPhase section */

/* Begin PBXSourcesBuildPhase section */
		FC722182207B51D30058429E /* Sources */ = {
			isa = PBXSourcesBuildPhase;
			buildActionMask = 2147483647;
			files = (
				FC16CC0F20865F5100F08568 /* AP_Inner_Video_ViewController.m in Sources */,
				FC458C602405A2E500719F8C /* XCDYouTubeVideoWebpage.m in Sources */,
				FCAA3AAA2223C6B7007F0E43 /* AP_Gallery_ViewController.m in Sources */,
				FC4F33F320B3CABB00EAF7E5 /* YouTube.m in Sources */,
				FC65531E20B527300064C5D6 /* AP_Web_List_ViewController.m in Sources */,
				FC16CC0520865E7A00F08568 /* AP_Inner_Web_ViewController.m in Sources */,
				FC458C5E2405A2E500719F8C /* XMLHTTPRequest.m in Sources */,
				FC458C5D2405A2E500719F8C /* XCDYouTubeClient.m in Sources */,
				FC72218E207B51D30058429E /* ViewController.m in Sources */,
				FC458C3624058B9500719F8C /* DG_Options_ViewController_New.m in Sources */,
				FC722199207B51D30058429E /* main.m in Sources */,
				FC7221AE207CA7940058429E /* AP_Register_ViewController.m in Sources */,
				FC72218B207B51D30058429E /* AppDelegate.m in Sources */,
				FC458C5A2405A2E500719F8C /* XCDYouTubeDashManifestXML.m in Sources */,
				FC4F33F720B4290900EAF7E5 /* AP_Inner_Info_ViewController.m in Sources */,
				FCEFE3DD243316CE00005418 /* DashBoard_ViewController.m in Sources */,
				FC7221A9207C64DC0058429E /* AP_Map_ViewController.m in Sources */,
				FC22EEE220845ED50027DF8A /* E_Overlay_Menu.m in Sources */,
				FC458C592405A2E500719F8C /* XCDYouTubeVideo.m in Sources */,
				FC16CC152087067400F08568 /* Nav_ViewController.m in Sources */,
				FCD3959E225F1150008EF781 /* LBYouTubeExtractor.m in Sources */,
				FC458C582405A2E500719F8C /* XCDYouTubeVideoOperation.m in Sources */,
				FC8F7CE8227B55520041036E /* AP_New_Main_ViewController.m in Sources */,
				FC458C5B2405A2E500719F8C /* XCDYouTubeVideoQueryOperation.m in Sources */,
				FC16CC0A20865EEC00F08568 /* AP_Inner_Gallery_ViewController.m in Sources */,
				FC7221A3207B56080058429E /* AP_Login_ViewController.m in Sources */,
				FC157B46207F5CD100A79FD3 /* AP_Web_ViewController.m in Sources */,
				FC22EED82084599C0027DF8A /* EM_MenuView.m in Sources */,
				FC458C5F2405A2E500719F8C /* XCDURLGETOperation.m in Sources */,
				FC17161B2087B90700F7B419 /* AP_Intro_ViewController.m in Sources */,
				FC65D81D23BB5DF100B7CCE3 /* DG_Options_ViewController.m in Sources */,
				FCF253CA207EF52700BC12F5 /* ObjectInfo.m in Sources */,
				FC458C5C2405A2E500719F8C /* XCDYouTubeLogger.m in Sources */,
				FC458C572405A2E500719F8C /* XCDURLHEADOperation.m in Sources */,
				FC458C552405A2E500719F8C /* XCDYouTubeVideoPlayerViewController.m in Sources */,
				FCA7FCB7225523520079CB6D /* WMSTileLayer.m in Sources */,
				FC458C562405A2E500719F8C /* XCDYouTubePlayerScript.m in Sources */,
				FC2FDC62227D3FF200055BFC /* XMLReader.m in Sources */,
				FC25A7BA227C3EC6006579E4 /* AP_List_ViewController.m in Sources */,
			);
			runOnlyForDeploymentPostprocessing = 0;
		};
/* End PBXSourcesBuildPhase section */

/* Begin PBXVariantGroup section */
		FC72218F207B51D30058429E /* Main.storyboard */ = {
			isa = PBXVariantGroup;
			children = (
				FC722190207B51D30058429E /* Base */,
			);
			name = Main.storyboard;
			sourceTree = "<group>";
		};
		FC722194207B51D30058429E /* LaunchScreen.storyboard */ = {
			isa = PBXVariantGroup;
			children = (
				FC722195207B51D30058429E /* Base */,
			);
			name = LaunchScreen.storyboard;
			sourceTree = "<group>";
		};
/* End PBXVariantGroup section */

/* Begin XCBuildConfiguration section */
		FC72219A207B51D30058429E /* Debug */ = {
			isa = XCBuildConfiguration;
			buildSettings = {
				ALWAYS_SEARCH_USER_PATHS = NO;
				CLANG_ANALYZER_NONNULL = YES;
				CLANG_ANALYZER_NUMBER_OBJECT_CONVERSION = YES_AGGRESSIVE;
				CLANG_CXX_LANGUAGE_STANDARD = "gnu++14";
				CLANG_CXX_LIBRARY = "libc++";
				CLANG_ENABLE_MODULES = YES;
				CLANG_ENABLE_OBJC_ARC = YES;
				CLANG_WARN_BLOCK_CAPTURE_AUTORELEASING = YES;
				CLANG_WARN_BOOL_CONVERSION = YES;
				CLANG_WARN_COMMA = YES;
				CLANG_WARN_CONSTANT_CONVERSION = YES;
				CLANG_WARN_DIRECT_OBJC_ISA_USAGE = YES_ERROR;
				CLANG_WARN_DOCUMENTATION_COMMENTS = YES;
				CLANG_WARN_EMPTY_BODY = YES;
				CLANG_WARN_ENUM_CONVERSION = YES;
				CLANG_WARN_INFINITE_RECURSION = YES;
				CLANG_WARN_INT_CONVERSION = YES;
				CLANG_WARN_NON_LITERAL_NULL_CONVERSION = YES;
				CLANG_WARN_OBJC_LITERAL_CONVERSION = YES;
				CLANG_WARN_OBJC_ROOT_CLASS = YES_ERROR;
				CLANG_WARN_RANGE_LOOP_ANALYSIS = YES;
				CLANG_WARN_STRICT_PROTOTYPES = YES;
				CLANG_WARN_SUSPICIOUS_MOVE = YES;
				CLANG_WARN_UNGUARDED_AVAILABILITY = YES_AGGRESSIVE;
				CLANG_WARN_UNREACHABLE_CODE = YES;
				CLANG_WARN__DUPLICATE_METHOD_MATCH = YES;
				CODE_SIGN_IDENTITY = "iPhone Developer";
				COPY_PHASE_STRIP = NO;
				DEBUG_INFORMATION_FORMAT = dwarf;
				ENABLE_STRICT_OBJC_MSGSEND = YES;
				ENABLE_TESTABILITY = YES;
				GCC_C_LANGUAGE_STANDARD = gnu11;
				GCC_DYNAMIC_NO_PIC = NO;
				GCC_NO_COMMON_BLOCKS = YES;
				GCC_OPTIMIZATION_LEVEL = 0;
				GCC_PREPROCESSOR_DEFINITIONS = (
					"DEBUG=1",
					"$(inherited)",
				);
				GCC_WARN_64_TO_32_BIT_CONVERSION = YES;
				GCC_WARN_ABOUT_RETURN_TYPE = YES_ERROR;
				GCC_WARN_UNDECLARED_SELECTOR = YES;
				GCC_WARN_UNINITIALIZED_AUTOS = YES_AGGRESSIVE;
				GCC_WARN_UNUSED_FUNCTION = YES;
				GCC_WARN_UNUSED_VARIABLE = YES;
				IPHONEOS_DEPLOYMENT_TARGET = 11.2;
				MTL_ENABLE_DEBUG_INFO = YES;
				ONLY_ACTIVE_ARCH = YES;
				SDKROOT = iphoneos;
			};
			name = Debug;
		};
		FC72219B207B51D30058429E /* Release */ = {
			isa = XCBuildConfiguration;
			buildSettings = {
				ALWAYS_SEARCH_USER_PATHS = NO;
				CLANG_ANALYZER_NONNULL = YES;
				CLANG_ANALYZER_NUMBER_OBJECT_CONVERSION = YES_AGGRESSIVE;
				CLANG_CXX_LANGUAGE_STANDARD = "gnu++14";
				CLANG_CXX_LIBRARY = "libc++";
				CLANG_ENABLE_MODULES = YES;
				CLANG_ENABLE_OBJC_ARC = YES;
				CLANG_WARN_BLOCK_CAPTURE_AUTORELEASING = YES;
				CLANG_WARN_BOOL_CONVERSION = YES;
				CLANG_WARN_COMMA = YES;
				CLANG_WARN_CONSTANT_CONVERSION = YES;
				CLANG_WARN_DIRECT_OBJC_ISA_USAGE = YES_ERROR;
				CLANG_WARN_DOCUMENTATION_COMMENTS = YES;
				CLANG_WARN_EMPTY_BODY = YES;
				CLANG_WARN_ENUM_CONVERSION = YES;
				CLANG_WARN_INFINITE_RECURSION = YES;
				CLANG_WARN_INT_CONVERSION = YES;
				CLANG_WARN_NON_LITERAL_NULL_CONVERSION = YES;
				CLANG_WARN_OBJC_LITERAL_CONVERSION = YES;
				CLANG_WARN_OBJC_ROOT_CLASS = YES_ERROR;
				CLANG_WARN_RANGE_LOOP_ANALYSIS = YES;
				CLANG_WARN_STRICT_PROTOTYPES = YES;
				CLANG_WARN_SUSPICIOUS_MOVE = YES;
				CLANG_WARN_UNGUARDED_AVAILABILITY = YES_AGGRESSIVE;
				CLANG_WARN_UNREACHABLE_CODE = YES;
				CLANG_WARN__DUPLICATE_METHOD_MATCH = YES;
				CODE_SIGN_IDENTITY = "iPhone Developer";
				COPY_PHASE_STRIP = NO;
				DEBUG_INFORMATION_FORMAT = "dwarf-with-dsym";
				ENABLE_NS_ASSERTIONS = NO;
				ENABLE_STRICT_OBJC_MSGSEND = YES;
				GCC_C_LANGUAGE_STANDARD = gnu11;
				GCC_NO_COMMON_BLOCKS = YES;
				GCC_WARN_64_TO_32_BIT_CONVERSION = YES;
				GCC_WARN_ABOUT_RETURN_TYPE = YES_ERROR;
				GCC_WARN_UNDECLARED_SELECTOR = YES;
				GCC_WARN_UNINITIALIZED_AUTOS = YES_AGGRESSIVE;
				GCC_WARN_UNUSED_FUNCTION = YES;
				GCC_WARN_UNUSED_VARIABLE = YES;
				IPHONEOS_DEPLOYMENT_TARGET = 11.2;
				MTL_ENABLE_DEBUG_INFO = NO;
				SDKROOT = iphoneos;
				VALIDATE_PRODUCT = YES;
			};
			name = Release;
		};
		FC72219D207B51D30058429E /* Debug */ = {
			isa = XCBuildConfiguration;
			baseConfigurationReference = 41A81611EA880522EB38CC67 /* Pods-MapApp.debug.xcconfig */;
			buildSettings = {
				ASSETCATALOG_COMPILER_APPICON_NAME = AppIcon;
				CLANG_ENABLE_MODULES = YES;
				CODE_SIGN_IDENTITY = "Apple Development: Huy Nguyen (S6X8K9KLV3)";
				CODE_SIGN_STYLE = Manual;
				CURRENT_PROJECT_VERSION = 35;
				DEVELOPMENT_TEAM = 3L2APQ2D3U;
				FRAMEWORK_SEARCH_PATHS = (
					"$(inherited)",
					"$(PROJECT_DIR)/MapApp",
					"$(PROJECT_DIR)",
				);
				GCC_PREFIX_HEADER = MapApp/PrefixHeader.pch;
				INFOPLIST_FILE = MapApp/Info.plist;
				IPHONEOS_DEPLOYMENT_TARGET = 11.0;
				LD_RUNPATH_SEARCH_PATHS = "$(inherited) @executable_path/Frameworks";
				MARKETING_VERSION = 1;
				PRODUCT_BUNDLE_IDENTIFIER = ios.vn.gdra;
				PRODUCT_NAME = "Green Dragon";
				PROVISIONING_PROFILE = "2a826cdd-01ac-4c5b-aefc-bdda775b99da";
				PROVISIONING_PROFILE_SPECIFIER = gdDev;
				SWIFT_OBJC_BRIDGING_HEADER = "";
				SWIFT_OPTIMIZATION_LEVEL = "-Onone";
				SWIFT_VERSION = 4.2;
				TARGETED_DEVICE_FAMILY = 1;
			};
			name = Debug;
		};
		FC72219E207B51D30058429E /* Release */ = {
			isa = XCBuildConfiguration;
			baseConfigurationReference = BD98DF9284A592D6910F2785 /* Pods-MapApp.release.xcconfig */;
			buildSettings = {
				ASSETCATALOG_COMPILER_APPICON_NAME = AppIcon;
				CLANG_ENABLE_MODULES = YES;
				CODE_SIGN_IDENTITY = "Apple Distribution: 3D ART DESIGN CONSULTANCY AND TECHNOLOGY SOLUTION JOINT STOCK COMPANY (3L2APQ2D3U)";
				CODE_SIGN_STYLE = Manual;
				CURRENT_PROJECT_VERSION = 35;
				DEVELOPMENT_TEAM = 3L2APQ2D3U;
				FRAMEWORK_SEARCH_PATHS = (
					"$(inherited)",
					"$(PROJECT_DIR)/MapApp",
					"$(PROJECT_DIR)",
				);
				GCC_PREFIX_HEADER = MapApp/PrefixHeader.pch;
				INFOPLIST_FILE = MapApp/Info.plist;
				IPHONEOS_DEPLOYMENT_TARGET = 11.0;
				LD_RUNPATH_SEARCH_PATHS = "$(inherited) @executable_path/Frameworks";
				MARKETING_VERSION = 1;
				PRODUCT_BUNDLE_IDENTIFIER = ios.vn.gdra;
				PRODUCT_NAME = "Green Dragon";
				PROVISIONING_PROFILE = "2a826cdd-01ac-4c5b-aefc-bdda775b99da";
				PROVISIONING_PROFILE_SPECIFIER = gdDis;
				SWIFT_OBJC_BRIDGING_HEADER = "";
				SWIFT_VERSION = 4.2;
				TARGETED_DEVICE_FAMILY = 1;
			};
			name = Release;
		};
/* End XCBuildConfiguration section */

/* Begin XCConfigurationList section */
		FC722181207B51D30058429E /* Build configuration list for PBXProject "MapApp" */ = {
			isa = XCConfigurationList;
			buildConfigurations = (
				FC72219A207B51D30058429E /* Debug */,
				FC72219B207B51D30058429E /* Release */,
			);
			defaultConfigurationIsVisible = 0;
			defaultConfigurationName = Release;
		};
		FC72219C207B51D30058429E /* Build configuration list for PBXNativeTarget "MapApp" */ = {
			isa = XCConfigurationList;
			buildConfigurations = (
				FC72219D207B51D30058429E /* Debug */,
				FC72219E207B51D30058429E /* Release */,
			);
			defaultConfigurationIsVisible = 0;
			defaultConfigurationName = Release;
		};
/* End XCConfigurationList section */
	};
	rootObject = FC72217E207B51D30058429E /* Project object */;
}
